
Microsoft Visual Studio Solution File, Format Version 12.00
# Visual Studio Version 16
VisualStudioVersion = 16.0.31829.152
MinimumVisualStudioVersion = 10.0.40219.1
Project("{FAE04EC0-301F-11D3-BF4B-00C04F79EFBC}") = "12Tsk", "12Tsk\12Tsk.csproj", "{0869EBC6-C55A-4CB0-AD38-254FA6C8B256}"
EndProject
Global
	GlobalSection(SolutionConfigurationPlatforms) = preSolution
		Debug|Any CPU = Debug|Any CPU
		Release|Any CPU = Release|Any CPU
	EndGlobalSection
	GlobalSection(ProjectConfigurationPlatforms) = postSolution
		{0869EBC6-C55A-4CB0-AD38-254FA6C8B256}.Debug|Any CPU.ActiveCfg = Debug|Any CPU
		{0869EBC6-C55A-4CB0-AD38-254FA6C8B256}.Debug|Any CPU.Build.0 = Debug|Any CPU
		{0869EBC6-C55A-4CB0-AD38-254FA6C8B256}.Release|Any CPU.ActiveCfg = Release|Any CPU
		{0869EBC6-C55A-4CB0-AD38-254FA6C8B256}.Release|Any CPU.Build.0 = Release|Any CPU
	EndGlobalSection
	GlobalSection(SolutionProperties) = preSolution
		HideSolutionNode = FALSE
	EndGlobalSection
	GlobalSection(ExtensibilityGlobals) = postSolution
		SolutionGuid = {86674EFE-068D-4278-A8A9-3ED88B80889A}
	EndGlobalSection
EndGlobal
